
Microsoft Visual Studio Solution File, Format Version 12.00
# Visual Studio Version 17
VisualStudioVersion = 17.8.34601.278
MinimumVisualStudioVersion = 10.0.40219.1
Project("{FAE04EC0-301F-11D3-BF4B-00C04F79EFBC}") = "MergeSortedArray", "MergeSortedArray\MergeSortedArray.csproj", "{A230C5D9-DFBF-4F2B-8BA4-FADF5A44336F}"
EndProject
Global
	GlobalSection(SolutionConfigurationPlatforms) = preSolution
		Debug|Any CPU = Debug|Any CPU
		Release|Any CPU = Release|Any CPU
	EndGlobalSection
	GlobalSection(ProjectConfigurationPlatforms) = postSolution
		{A230C5D9-DFBF-4F2B-8BA4-FADF5A44336F}.Debug|Any CPU.ActiveCfg = Debug|Any CPU
		{A230C5D9-DFBF-4F2B-8BA4-FADF5A44336F}.Debug|Any CPU.Build.0 = Debug|Any CPU
		{A230C5D9-DFBF-4F2B-8BA4-FADF5A44336F}.Release|Any CPU.ActiveCfg = Release|Any CPU
		{A230C5D9-DFBF-4F2B-8BA4-FADF5A44336F}.Release|Any CPU.Build.0 = Release|Any CPU
	EndGlobalSection
	GlobalSection(SolutionProperties) = preSolution
		HideSolutionNode = FALSE
	EndGlobalSection
	GlobalSection(ExtensibilityGlobals) = postSolution
		SolutionGuid = {04169E24-0E0F-439B-AF31-B74E8D969EC7}
	EndGlobalSection
EndGlobal
