
Microsoft Visual Studio Solution File, Format Version 12.00
# Visual Studio Version 17
VisualStudioVersion = 17.8.34601.278
MinimumVisualStudioVersion = 10.0.40219.1
Project("{FAE04EC0-301F-11D3-BF4B-00C04F79EFBC}") = "Rotate Array", "Rotate Array\Rotate Array.csproj", "{F70C8D29-F042-447D-AED1-6DC644215E0E}"
EndProject
Global
	GlobalSection(SolutionConfigurationPlatforms) = preSolution
		Debug|Any CPU = Debug|Any CPU
		Release|Any CPU = Release|Any CPU
	EndGlobalSection
	GlobalSection(ProjectConfigurationPlatforms) = postSolution
		{F70C8D29-F042-447D-AED1-6DC644215E0E}.Debug|Any CPU.ActiveCfg = Debug|Any CPU
		{F70C8D29-F042-447D-AED1-6DC644215E0E}.Debug|Any CPU.Build.0 = Debug|Any CPU
		{F70C8D29-F042-447D-AED1-6DC644215E0E}.Release|Any CPU.ActiveCfg = Release|Any CPU
		{F70C8D29-F042-447D-AED1-6DC644215E0E}.Release|Any CPU.Build.0 = Release|Any CPU
	EndGlobalSection
	GlobalSection(SolutionProperties) = preSolution
		HideSolutionNode = FALSE
	EndGlobalSection
	GlobalSection(ExtensibilityGlobals) = postSolution
		SolutionGuid = {B520B84A-7CCB-4634-9074-FC837E8B552A}
	EndGlobalSection
EndGlobal
