
Microsoft Visual Studio Solution File, Format Version 12.00
# Visual Studio Version 17
VisualStudioVersion = 17.8.34601.278
MinimumVisualStudioVersion = 10.0.40219.1
Project("{FAE04EC0-301F-11D3-BF4B-00C04F79EFBC}") = "RemoveDuplicatesFromSortedArray", "RemoveDuplicatesFromSortedArray\RemoveDuplicatesFromSortedArray.csproj", "{6902443E-AC1E-41D1-8816-D4FDC5D45CC6}"
EndProject
Global
	GlobalSection(SolutionConfigurationPlatforms) = preSolution
		Debug|Any CPU = Debug|Any CPU
		Release|Any CPU = Release|Any CPU
	EndGlobalSection
	GlobalSection(ProjectConfigurationPlatforms) = postSolution
		{6902443E-AC1E-41D1-8816-D4FDC5D45CC6}.Debug|Any CPU.ActiveCfg = Debug|Any CPU
		{6902443E-AC1E-41D1-8816-D4FDC5D45CC6}.Debug|Any CPU.Build.0 = Debug|Any CPU
		{6902443E-AC1E-41D1-8816-D4FDC5D45CC6}.Release|Any CPU.ActiveCfg = Release|Any CPU
		{6902443E-AC1E-41D1-8816-D4FDC5D45CC6}.Release|Any CPU.Build.0 = Release|Any CPU
	EndGlobalSection
	GlobalSection(SolutionProperties) = preSolution
		HideSolutionNode = FALSE
	EndGlobalSection
	GlobalSection(ExtensibilityGlobals) = postSolution
		SolutionGuid = {9C43AFEC-CFAD-4A47-B4FA-CAFFBCAD4B65}
	EndGlobalSection
EndGlobal
