
Microsoft Visual Studio Solution File, Format Version 12.00
# Visual Studio Version 17
VisualStudioVersion = 17.8.34601.278
MinimumVisualStudioVersion = 10.0.40219.1
Project("{FAE04EC0-301F-11D3-BF4B-00C04F79EFBC}") = "Maximum Subarray Sum", "Maximum Subarray Sum\Maximum Subarray Sum.csproj", "{33793B6F-DB9F-487D-85C3-DC450CFA0704}"
EndProject
Global
	GlobalSection(SolutionConfigurationPlatforms) = preSolution
		Debug|Any CPU = Debug|Any CPU
		Release|Any CPU = Release|Any CPU
	EndGlobalSection
	GlobalSection(ProjectConfigurationPlatforms) = postSolution
		{33793B6F-DB9F-487D-85C3-DC450CFA0704}.Debug|Any CPU.ActiveCfg = Debug|Any CPU
		{33793B6F-DB9F-487D-85C3-DC450CFA0704}.Debug|Any CPU.Build.0 = Debug|Any CPU
		{33793B6F-DB9F-487D-85C3-DC450CFA0704}.Release|Any CPU.ActiveCfg = Release|Any CPU
		{33793B6F-DB9F-487D-85C3-DC450CFA0704}.Release|Any CPU.Build.0 = Release|Any CPU
	EndGlobalSection
	GlobalSection(SolutionProperties) = preSolution
		HideSolutionNode = FALSE
	EndGlobalSection
	GlobalSection(ExtensibilityGlobals) = postSolution
		SolutionGuid = {E9C42311-D85F-42AD-9C11-8987413879A0}
	EndGlobalSection
EndGlobal
